// !$*UTF8*$!
{
	archiveVersion = 1;
	classes = {
	};
	objectVersion = 46;
	objects = {

/* Begin PBXBuildFile section */
		14B42A1C1F73893200891576 /* Songsang.png in Resources */ = {isa = PBXBuildFile; fileRef = 14B42A191F73893200891576 /* Songsang.png */; };
		14B42A1D1F73893200891576 /* citizen_logo.png in Resources */ = {isa = PBXBuildFile; fileRef = 14B42A1A1F73893200891576 /* citizen_logo.png */; };
		14B42A1E1F73893200891576 /* DIT_logo.png in Resources */ = {isa = PBXBuildFile; fileRef = 14B42A1B1F73893200891576 /* DIT_logo.png */; };
		14B42A221F738C5000891576 /* home.png in Resources */ = {isa = PBXBuildFile; fileRef = 14B42A211F738C5000891576 /* home.png */; };
		14B42A241F738CE200891576 /* Yangjeong.JPG in Resources */ = {isa = PBXBuildFile; fileRef = 14B42A231F738CE200891576 /* Yangjeong.JPG */; };
		14EB3A3D1F70B5D600ED0988 /* AppDelegate.swift in Sources */ = {isa = PBXBuildFile; fileRef = 14EB3A3C1F70B5D600ED0988 /* AppDelegate.swift */; };
		14EB3A3F1F70B5D600ED0988 /* ViewController.swift in Sources */ = {isa = PBXBuildFile; fileRef = 14EB3A3E1F70B5D600ED0988 /* ViewController.swift */; };
		14EB3A421F70B5D600ED0988 /* Main.storyboard in Resources */ = {isa = PBXBuildFile; fileRef = 14EB3A401F70B5D600ED0988 /* Main.storyboard */; };
		14EB3A441F70B5D600ED0988 /* Assets.xcassets in Resources */ = {isa = PBXBuildFile; fileRef = 14EB3A431F70B5D600ED0988 /* Assets.xcassets */; };
		14EB3A471F70B5D600ED0988 /* LaunchScreen.storyboard in Resources */ = {isa = PBXBuildFile; fileRef = 14EB3A451F70B5D600ED0988 /* LaunchScreen.storyboard */; };
		14EB3A501F70B62B00ED0988 /* MapKit.framework in Frameworks */ = {isa = PBXBuildFile; fileRef = 14EB3A4F1F70B62B00ED0988 /* MapKit.framework */; };
		14EB3A521F70B9B400ED0988 /* ViewPoint3.plist in Resources */ = {isa = PBXBuildFile; fileRef = 14EB3A511F70B9B400ED0988 /* ViewPoint3.plist */; };
/* End PBXBuildFile section */

/* Begin PBXFileReference section */
		14B42A191F73893200891576 /* Songsang.png */ = {isa = PBXFileReference; lastKnownFileType = image.png; path = Songsang.png; sourceTree = "<group>"; };
		14B42A1A1F73893200891576 /* citizen_logo.png */ = {isa = PBXFileReference; lastKnownFileType = image.png; path = citizen_logo.png; sourceTree = "<group>"; };
		14B42A1B1F73893200891576 /* DIT_logo.png */ = {isa = PBXFileReference; lastKnownFileType = image.png; path = DIT_logo.png; sourceTree = "<group>"; };
		14B42A211F738C5000891576 /* home.png */ = {isa = PBXFileReference; lastKnownFileType = image.png; path = home.png; sourceTree = "<group>"; };
		14B42A231F738CE200891576 /* Yangjeong.JPG */ = {isa = PBXFileReference; lastKnownFileType = image.jpeg; path = Yangjeong.JPG; sourceTree = "<group>"; };
		14EB3A391F70B5D600ED0988 /* Map_Pin_PList.app */ = {isa = PBXFileReference; explicitFileType = wrapper.application; includeInIndex = 0; path = Map_Pin_PList.app; sourceTree = BUILT_PRODUCTS_DIR; };
		14EB3A3C1F70B5D600ED0988 /* AppDelegate.swift */ = {isa = PBXFileReference; lastKnownFileType = sourcecode.swift; path = AppDelegate.swift; sourceTree = "<group>"; };
		14EB3A3E1F70B5D600ED0988 /* ViewController.swift */ = {isa = PBXFileReference; lastKnownFileType = sourcecode.swift; path = ViewController.swift; sourceTree = "<group>"; };
		14EB3A411F70B5D600ED0988 /* Base */ = {isa = PBXFileReference; lastKnownFileType = file.storyboard; name = Base; path = Base.lproj/Main.storyboard; sourceTree = "<group>"; };
		14EB3A431F70B5D600ED0988 /* Assets.xcassets */ = {isa = PBXFileReference; lastKnownFileType = folder.assetcatalog; path = Assets.xcassets; sourceTree = "<group>"; };
		14EB3A461F70B5D600ED0988 /* Base */ = {isa = PBXFileReference; lastKnownFileType = file.storyboard; name = Base; path = Base.lproj/LaunchScreen.storyboard; sourceTree = "<group>"; };
		14EB3A481F70B5D600ED0988 /* Info.plist */ = {isa = PBXFileReference; lastKnownFileType = text.plist.xml; path = Info.plist; sourceTree = "<group>"; };
		14EB3A4F1F70B62B00ED0988 /* MapKit.framework */ = {isa = PBXFileReference; lastKnownFileType = wrapper.framework; name = MapKit.framework; path = System/Library/Frameworks/MapKit.framework; sourceTree = SDKROOT; };
		14EB3A511F70B9B400ED0988 /* ViewPoint3.plist */ = {isa = PBXFileReference; fileEncoding = 4; lastKnownFileType = text.plist.xml; name = ViewPoint3.plist; path = "../../MapPinPList-master 1/MapPinPList-master/MapPinPLiist/ViewPoint3.plist"; sourceTree = "<group>"; };
/* End PBXFileReference section */

/* Begin PBXFrameworksBuildPhase section */
		14EB3A361F70B5D600ED0988 /* Frameworks */ = {
			isa = PBXFrameworksBuildPhase;
			buildActionMask = 2147483647;
			files = (
				14EB3A501F70B62B00ED0988 /* MapKit.framework in Frameworks */,
			);
			runOnlyForDeploymentPostprocessing = 0;
		};
/* End PBXFrameworksBuildPhase section */

/* Begin PBXGroup section */
		14EB3A301F70B5D600ED0988 = {
			isa = PBXGroup;
			children = (
				14EB3A3B1F70B5D600ED0988 /* Map_Pin_PList */,
				14EB3A3A1F70B5D600ED0988 /* Products */,
				14EB3A4E1F70B62B00ED0988 /* Frameworks */,
			);
			sourceTree = "<group>";
		};
		14EB3A3A1F70B5D600ED0988 /* Products */ = {
			isa = PBXGroup;
			children = (
				14EB3A391F70B5D600ED0988 /* Map_Pin_PList.app */,
			);
			name = Products;
			sourceTree = "<group>";
		};
		14EB3A3B1F70B5D600ED0988 /* Map_Pin_PList */ = {
			isa = PBXGroup;
			children = (
				14B42A231F738CE200891576 /* Yangjeong.JPG */,
				14B42A191F73893200891576 /* Songsang.png */,
				14B42A211F738C5000891576 /* home.png */,
				14B42A1A1F73893200891576 /* citizen_logo.png */,
				14B42A1B1F73893200891576 /* DIT_logo.png */,
				14EB3A3C1F70B5D600ED0988 /* AppDelegate.swift */,
				14EB3A3E1F70B5D600ED0988 /* ViewController.swift */,
				14EB3A401F70B5D600ED0988 /* Main.storyboard */,
				14EB3A511F70B9B400ED0988 /* ViewPoint3.plist */,
				14EB3A431F70B5D600ED0988 /* Assets.xcassets */,
				14EB3A451F70B5D600ED0988 /* LaunchScreen.storyboard */,
				14EB3A481F70B5D600ED0988 /* Info.plist */,
			);
			path = Map_Pin_PList;
			sourceTree = "<group>";
		};
		14EB3A4E1F70B62B00ED0988 /* Frameworks */ = {
			isa = PBXGroup;
			children = (
				14EB3A4F1F70B62B00ED0988 /* MapKit.framework */,
			);
			name = Frameworks;
			sourceTree = "<group>";
		};
/* End PBXGroup section */

/* Begin PBXNativeTarget section */
		14EB3A381F70B5D600ED0988 /* Map_Pin_PList */ = {
			isa = PBXNativeTarget;
			buildConfigurationList = 14EB3A4B1F70B5D600ED0988 /* Build configuration list for PBXNativeTarget "Map_Pin_PList" */;
			buildPhases = (
				14EB3A351F70B5D600ED0988 /* Sources */,
				14EB3A361F70B5D600ED0988 /* Frameworks */,
				14EB3A371F70B5D600ED0988 /* Resources */,
			);
			buildRules = (
			);
			dependencies = (
			);
			name = Map_Pin_PList;
			productName = Map_Pin_PList;
			productReference = 14EB3A391F70B5D600ED0988 /* Map_Pin_PList.app */;
			productType = "com.apple.product-type.application";
		};
/* End PBXNativeTarget section */

/* Begin PBXProject section */
		14EB3A311F70B5D600ED0988 /* Project object */ = {
			isa = PBXProject;
			attributes = {
				LastSwiftUpdateCheck = 0830;
				LastUpgradeCheck = 0830;
				ORGANIZATIONNAME = D7702_10;
				TargetAttributes = {
					14EB3A381F70B5D600ED0988 = {
						CreatedOnToolsVersion = 8.3.3;
						ProvisioningStyle = Automatic;
					};
				};
			};
			buildConfigurationList = 14EB3A341F70B5D600ED0988 /* Build configuration list for PBXProject "Map_Pin_PList" */;
			compatibilityVersion = "Xcode 3.2";
			developmentRegion = English;
			hasScannedForEncodings = 0;
			knownRegions = (
				en,
				Base,
			);
			mainGroup = 14EB3A301F70B5D600ED0988;
			productRefGroup = 14EB3A3A1F70B5D600ED0988 /* Products */;
			projectDirPath = "";
			projectRoot = "";
			targets = (
				14EB3A381F70B5D600ED0988 /* Map_Pin_PList */,
			);
		};
/* End PBXProject section */

/* Begin PBXResourcesBuildPhase section */
		14EB3A371F70B5D600ED0988 /* Resources */ = {
			isa = PBXResourcesBuildPhase;
			buildActionMask = 2147483647;
			files = (
				14B42A241F738CE200891576 /* Yangjeong.JPG in Resources */,
				14B42A1C1F73893200891576 /* Songsang.png in Resources */,
				14EB3A471F70B5D600ED0988 /* LaunchScreen.storyboard in Resources */,
				14B42A221F738C5000891576 /* home.png in Resources */,
				14B42A1E1F73893200891576 /* DIT_logo.png in Resources */,
				14EB3A441F70B5D600ED0988 /* Assets.xcassets in Resources */,
				14B42A1D1F73893200891576 /* citizen_logo.png in Resources */,
				14EB3A521F70B9B400ED0988 /* ViewPoint3.plist in Resources */,
				14EB3A421F70B5D600ED0988 /* Main.storyboard in Resources */,
			);
			runOnlyForDeploymentPostprocessing = 0;
		};
/* End PBXResourcesBuildPhase section */

/* Begin PBXSourcesBuildPhase section */
		14EB3A351F70B5D600ED0988 /* Sources */ = {
			isa = PBXSourcesBuildPhase;
			buildActionMask = 2147483647;
			files = (
				14EB3A3F1F70B5D600ED0988 /* ViewController.swift in Sources */,
				14EB3A3D1F70B5D600ED0988 /* AppDelegate.swift in Sources */,
			);
			runOnlyForDeploymentPostprocessing = 0;
		};
/* End PBXSourcesBuildPhase section */

/* Begin PBXVariantGroup section */
		14EB3A401F70B5D600ED0988 /* Main.storyboard */ = {
			isa = PBXVariantGroup;
			children = (
				14EB3A411F70B5D600ED0988 /* Base */,
			);
			name = Main.storyboard;
			sourceTree = "<group>";
		};
		14EB3A451F70B5D600ED0988 /* LaunchScreen.storyboard */ = {
			isa = PBXVariantGroup;
			children = (
				14EB3A461F70B5D600ED0988 /* Base */,
			);
			name = LaunchScreen.storyboard;
			sourceTree = "<group>";
		};
/* End PBXVariantGroup section */

/* Begin XCBuildConfiguration section */
		14EB3A491F70B5D600ED0988 /* Debug */ = {
			isa = XCBuildConfiguration;
			buildSettings = {
				ALWAYS_SEARCH_USER_PATHS = NO;
				CLANG_ANALYZER_NONNULL = YES;
				CLANG_ANALYZER_NUMBER_OBJECT_CONVERSION = YES_AGGRESSIVE;
				CLANG_CXX_LANGUAGE_STANDARD = "gnu++0x";
				CLANG_CXX_LIBRARY = "libc++";
				CLANG_ENABLE_MODULES = YES;
				CLANG_ENABLE_OBJC_ARC = YES;
				CLANG_WARN_BOOL_CONVERSION = YES;
				CLANG_WARN_CONSTANT_CONVERSION = YES;
				CLANG_WARN_DIRECT_OBJC_ISA_USAGE = YES_ERROR;
				CLANG_WARN_DOCUMENTATION_COMMENTS = YES;
				CLANG_WARN_EMPTY_BODY = YES;
				CLANG_WARN_ENUM_CONVERSION = YES;
				CLANG_WARN_INFINITE_RECURSION = YES;
				CLANG_WARN_INT_CONVERSION = YES;
				CLANG_WARN_OBJC_ROOT_CLASS = YES_ERROR;
				CLANG_WARN_SUSPICIOUS_MOVE = YES;
				CLANG_WARN_UNREACHABLE_CODE = YES;
				CLANG_WARN__DUPLICATE_METHOD_MATCH = YES;
				"CODE_SIGN_IDENTITY[sdk=iphoneos*]" = "iPhone Developer";
				COPY_PHASE_STRIP = NO;
				DEBUG_INFORMATION_FORMAT = dwarf;
				ENABLE_STRICT_OBJC_MSGSEND = YES;
				ENABLE_TESTABILITY = YES;
				GCC_C_LANGUAGE_STANDARD = gnu99;
				GCC_DYNAMIC_NO_PIC = NO;
				GCC_NO_COMMON_BLOCKS = YES;
				GCC_OPTIMIZATION_LEVEL = 0;
				GCC_PREPROCESSOR_DEFINITIONS = (
					"DEBUG=1",
					"$(inherited)",
				);
				GCC_WARN_64_TO_32_BIT_CONVERSION = YES;
				GCC_WARN_ABOUT_RETURN_TYPE = YES_ERROR;
				GCC_WARN_UNDECLARED_SELECTOR = YES;
				GCC_WARN_UNINITIALIZED_AUTOS = YES_AGGRESSIVE;
				GCC_WARN_UNUSED_FUNCTION = YES;
				GCC_WARN_UNUSED_VARIABLE = YES;
				IPHONEOS_DEPLOYMENT_TARGET = 10.3;
				MTL_ENABLE_DEBUG_INFO = YES;
				ONLY_ACTIVE_ARCH = YES;
				SDKROOT = iphoneos;
				SWIFT_ACTIVE_COMPILATION_CONDITIONS = DEBUG;
				SWIFT_OPTIMIZATION_LEVEL = "-Onone";
			};
			name = Debug;
		};
		14EB3A4A1F70B5D600ED0988 /* Release */ = {
			isa = XCBuildConfiguration;
			buildSettings = {
				ALWAYS_SEARCH_USER_PATHS = NO;
				CLANG_ANALYZER_NONNULL = YES;
				CLANG_ANALYZER_NUMBER_OBJECT_CONVERSION = YES_AGGRESSIVE;
				CLANG_CXX_LANGUAGE_STANDARD = "gnu++0x";
				CLANG_CXX_LIBRARY = "libc++";
				CLANG_ENABLE_MODULES = YES;
				CLANG_ENABLE_OBJC_ARC = YES;
				CLANG_WARN_BOOL_CONVERSION = YES;
				CLANG_WARN_CONSTANT_CONVERSION = YES;
				CLANG_WARN_DIRECT_OBJC_ISA_USAGE = YES_ERROR;
				CLANG_WARN_DOCUMENTATION_COMMENTS = YES;
				CLANG_WARN_EMPTY_BODY = YES;
				CLANG_WARN_ENUM_CONVERSION = YES;
				CLANG_WARN_INFINITE_RECURSION = YES;
				CLANG_WARN_INT_CONVERSION = YES;
				CLANG_WARN_OBJC_ROOT_CLASS = YES_ERROR;
				CLANG_WARN_SUSPICIOUS_MOVE = YES;
				CLANG_WARN_UNREACHABLE_CODE = YES;
				CLANG_WARN__DUPLICATE_METHOD_MATCH = YES;
				"CODE_SIGN_IDENTITY[sdk=iphoneos*]" = "iPhone Developer";
				COPY_PHASE_STRIP = NO;
				DEBUG_INFORMATION_FORMAT = "dwarf-with-dsym";
				ENABLE_NS_ASSERTIONS = NO;
				ENABLE_STRICT_OBJC_MSGSEND = YES;
				GCC_C_LANGUAGE_STANDARD = gnu99;
				GCC_NO_COMMON_BLOCKS = YES;
				GCC_WARN_64_TO_32_BIT_CONVERSION = YES;
				GCC_WARN_ABOUT_RETURN_TYPE = YES_ERROR;
				GCC_WARN_UNDECLARED_SELECTOR = YES;
				GCC_WARN_UNINITIALIZED_AUTOS = YES_AGGRESSIVE;
				GCC_WARN_UNUSED_FUNCTION = YES;
				GCC_WARN_UNUSED_VARIABLE = YES;
				IPHONEOS_DEPLOYMENT_TARGET = 10.3;
				MTL_ENABLE_DEBUG_INFO = NO;
				SDKROOT = iphoneos;
				SWIFT_OPTIMIZATION_LEVEL = "-Owholemodule";
				VALIDATE_PRODUCT = YES;
			};
			name = Release;
		};
		14EB3A4C1F70B5D600ED0988 /* Debug */ = {
			isa = XCBuildConfiguration;
			buildSettings = {
				ASSETCATALOG_COMPILER_APPICON_NAME = AppIcon;
				INFOPLIST_FILE = Map_Pin_PList/Info.plist;
				LD_RUNPATH_SEARCH_PATHS = "$(inherited) @executable_path/Frameworks";
				PRODUCT_BUNDLE_IDENTIFIER = "kr.dit.ditapps.Map-Pin-PList";
				PRODUCT_NAME = "$(TARGET_NAME)";
				SWIFT_VERSION = 3.0;
			};
			name = Debug;
		};
		14EB3A4D1F70B5D600ED0988 /* Release */ = {
			isa = XCBuildConfiguration;
			buildSettings = {
				ASSETCATALOG_COMPILER_APPICON_NAME = AppIcon;
				INFOPLIST_FILE = Map_Pin_PList/Info.plist;
				LD_RUNPATH_SEARCH_PATHS = "$(inherited) @executable_path/Frameworks";
				PRODUCT_BUNDLE_IDENTIFIER = "kr.dit.ditapps.Map-Pin-PList";
				PRODUCT_NAME = "$(TARGET_NAME)";
				SWIFT_VERSION = 3.0;
			};
			name = Release;
		};
/* End XCBuildConfiguration section */

/* Begin XCConfigurationList section */
		14EB3A341F70B5D600ED0988 /* Build configuration list for PBXProject "Map_Pin_PList" */ = {
			isa = XCConfigurationList;
			buildConfigurations = (
				14EB3A491F70B5D600ED0988 /* Debug */,
				14EB3A4A1F70B5D600ED0988 /* Release */,
			);
			defaultConfigurationIsVisible = 0;
			defaultConfigurationName = Release;
		};
		14EB3A4B1F70B5D600ED0988 /* Build configuration list for PBXNativeTarget "Map_Pin_PList" */ = {
			isa = XCConfigurationList;
			buildConfigurations = (
				14EB3A4C1F70B5D600ED0988 /* Debug */,
				14EB3A4D1F70B5D600ED0988 /* Release */,
			);
			defaultConfigurationIsVisible = 0;
			defaultConfigurationName = Release;
		};
/* End XCConfigurationList section */
	};
	rootObject = 14EB3A311F70B5D600ED0988 /* Project object */;
}
